---
http_interactions:
- request:
    method: get
    uri: "<solr_config>/select?id=382300&qt=document&wt=ruby"
    body:
      encoding: US-ASCII
      string: ''
    headers: {}
  response:
    status:
      code: 200
      message: OK
    headers:
      Date:
      - Fri, 01 Jul 2016 20:47:31 GMT
      Content-Type:
      - text/plain;charset=UTF-8
      Transfer-Encoding:
      - chunked
      Server:
      - Jetty(8.1.8.v20121106)
    body:
      encoding: UTF-8
      string: |
        {'responseHeader'=>{'status'=>0,'QTime'=>0,'params'=>{'fl'=>'*','echoParams'=>'all','q'=>'{!raw f=id v=$id}','rows'=>'1','id'=>'382300','qt'=>'document','wt'=>'ruby'}},'response'=>{'numFound'=>1,'start'=>0,'docs'=>[{'id'=>'382300','marc_display'=>'<record><leader>01602cam a2200433   4500</leader><controlfield tag="001">382300</controlfield><controlfield tag="005">20100226124951.0</controlfield><controlfield tag="008">850827s1985    nyuaf    b   l000 0 eng  </controlfield><datafield tag="035" ind1=" " ind2=" "><subfield code="a">(OCoLC)35088165</subfield></datafield><datafield tag="035" ind1=" " ind2=" "><subfield code="a">(OCoLC)ocm35088165</subfield></datafield><datafield tag="035" ind1=" " ind2=" "><subfield code="a">(CStRLIN)NYCG85-B84564</subfield></datafield><datafield tag="035" ind1=" " ind2=" "><subfield code="9">ABR9929CU</subfield></datafield><datafield tag="035" ind1=" " ind2=" "><subfield code="a">(NNC)382300</subfield></datafield><datafield tag="040" ind1=" " ind2=" "><subfield code="a">NNC</subfield><subfield code="c">NNC</subfield></datafield><datafield tag="043" ind1=" " ind2=" "><subfield code="a">n-us-ny</subfield></datafield><datafield tag="110" ind1="1" ind2=" "><subfield code="a">New York (N.Y.).</subfield><subfield code="b">Landmarks Preservation Commission.</subfield></datafield><datafield tag="245" ind1="1" ind2="0"><subfield code="a">Century Apartments :</subfield><subfield code="b">[report].</subfield></datafield><datafield tag="260" ind1=" " ind2=" "><subfield code="a">[New York, N.Y.] :</subfield><subfield code="b">The Commission,</subfield><subfield code="c">1985.</subfield></datafield><datafield tag="300" ind1=" " ind2=" "><subfield code="a">10 leaves, [4] leaves of plates :</subfield><subfield code="b">ill. ;</subfield><subfield code="c">28 cm.</subfield></datafield><datafield tag="490" ind1="1" ind2=" "><subfield code="a">Designation list / Landmarks Preservation Commission ;</subfield><subfield code="v">181</subfield></datafield><datafield tag="500" ind1=" " ind2=" "><subfield code="a">Caption title.</subfield></datafield><datafield tag="500" ind1=" " ind2=" "><subfield code="a">"Report prepared by Andrew S. Dolkart"--Leaf 8.</subfield></datafield><datafield tag="504" ind1=" " ind2=" "><subfield code="a">Bibliography: leaf 10.</subfield></datafield><datafield tag="500" ind1=" " ind2=" "><subfield code="a">"Architect Irwin S. Chanin"--Leaf [1].</subfield></datafield><datafield tag="590" ind1=" " ind2=" "><subfield code="a">"LP-1517."</subfield></datafield><datafield tag="610" ind1="2" ind2="0"><subfield code="a">Century Apartments (New York, N.Y.)</subfield></datafield><datafield tag="651" ind1=" " ind2="0"><subfield code="a">New York (N.Y.)</subfield><subfield code="x">Buildings, structures, etc.</subfield></datafield><datafield tag="650" ind1=" " ind2="0"><subfield code="a">Apartment houses</subfield><subfield code="z">New York (State)</subfield><subfield code="z">New York.</subfield></datafield><datafield tag="600" ind1="1" ind2="0"><subfield code="a">Chanin, Irwin S.</subfield></datafield><datafield tag="700" ind1="1" ind2=" "><subfield code="a">Dolkart, Andrew.</subfield></datafield><datafield tag="700" ind1="1" ind2=" "><subfield code="a">Chainin, Irwin S.</subfield></datafield><datafield tag="810" ind1="1" ind2=" "><subfield code="a">New York (N.Y.).</subfield><subfield code="b">Landmarks Preservation Commission.</subfield><subfield code="t">Designation list ;</subfield><subfield code="v">181.</subfield></datafield><datafield tag="900" ind1=" " ind2=" "><subfield code="a">AUTH</subfield></datafield><datafield tag="991" ind1=" " ind2=" "><subfield code="a">AA735 N4 ZC33</subfield><subfield code="b">avefax+AA-+0735+00000000+N4000000+ZC330000</subfield></datafield><datafield tag="992" ind1=" " ind2=" "><subfield code="a">Offsite</subfield><subfield code="b">Offsite &lt;Avery&gt; (Non-Circulating) Place Request for delivery &gt;&gt; AA735 N4 ZC33|DELIM|511019</subfield></datafield><datafield tag="992" ind1=" " ind2=" "><subfield code="a">Online</subfield><subfield code="b">Online &gt;&gt; EBOOKS|DELIM|10158201</subfield></datafield><datafield tag="993" ind1=" " ind2=" "><subfield code="a">Book</subfield></datafield><datafield tag="993" ind1=" " ind2=" "><subfield code="a">NY State/City Government Document</subfield></datafield><datafield tag="995" ind1=" " ind2=" "><subfield code="a">catalog</subfield></datafield></record>','text'=>['New York (N.Y.). Landmarks Preservation Commission.','Century Apartments : [report].','[New York, N.Y.] : The Commission, 1985.','10 leaves, [4] leaves of plates : ill. ; 28 cm.','Designation list / Landmarks Preservation Commission ; 181','Caption title.','"Report prepared by Andrew S. Dolkart"--Leaf 8.','Bibliography: leaf 10.','"Architect Irwin S. Chanin"--Leaf [1].','"LP-1517."','Century Apartments (New York, N.Y.)','New York (N.Y.) Buildings, structures, etc.','Apartment houses New York (State) New York.','Chanin, Irwin S.','Dolkart, Andrew.','Chainin, Irwin S.','New York (N.Y.). Landmarks Preservation Commission. Designation list ; 181.','AUTH'],'author_txt'=>['New York (N.Y.). Landmarks Preservation Commission.'],'author_addl_txt'=>['Dolkart, Andrew.','Chainin, Irwin S.'],'author_facet'=>['New York (N.Y.). Landmarks Preservation Commission','Dolkart, Andrew','Chainin, Irwin S.'],'author_display'=>['New York (N.Y.). Landmarks Preservation Commission'],'author_sort'=>'New York (N.Y.). Landmarks Preservation Commission.   Century Apartments report','title_txt'=>['Century Apartments :'],'title_display'=>['Century Apartments : [report]'],'title_filing_txt'=>['Century Apartments :'],'title_filing_full_txt'=>['Century Apartments : [report].'],'subtitle_txt'=>['report'],'title_first_facet'=>['C'],'title_addl_txt'=>['Century Apartments : [report].'],'title_sort'=>'century apartments  report','subject_txt'=>['Century Apartments (New York, N.Y.)','New York (N.Y.) Buildings, structures, etc','Apartment houses New York (State) New York','Chanin, Irwin S.'],'subject_topic_facet'=>['Century Apartments (New York, N.Y.)','Buildings, structures, etc','Apartment houses','Chanin, Irwin S.'],'subject_geo_facet'=>['New York (N.Y.)','New York (State)','New York'],'pub_place_display'=>['New York, N.Y.'],'pub_name_display'=>['The Commission'],'pub_year_display'=>['1985'],'pub_place_txt'=>['New York, N.Y.'],'pub_name_txt'=>['The Commission'],'pub_year_txt'=>['1985'],'pub_date_txt'=>['1985'],'language_facet'=>['English'],'format'=>['Book','NY State/City Government Document'],'clio_id_display'=>'382300','source_facet'=>['catalog'],'source_display'=>['catalog'],'oclc_txt'=>['35088165','ocm35088165'],'oclc_display'=>['35088165','ocm35088165'],'full_publisher_display'=>['[New York, N.Y.] : The Commission, 1985.'],'location_call_number_id_display'=>['Offsite <Avery> (Non-Circulating) Place Request for delivery >> AA735 N4 ZC33|DELIM|511019','Online >> EBOOKS|DELIM|10158201'],'location_call_number_txt'=>['Offsite <Avery> (Non-Circulating) Place Request for delivery >> AA735 N4 ZC33','Online >> EBOOKS'],'call_number_txt'=>['AA735 N4 ZC33','EBOOKS'],'call_number_display'=>['AA735 N4 ZC33','EBOOKS'],'location_facet'=>['Offsite','Online'],'location_txt'=>['Offsite <Avery> (Non-Circulating) Place Request for delivery >> AA735 N4 ZC33','Online >> EBOOKS'],'shelfkey'=>['avefax+aa-+0735+00000000+n4000000+zc330000+382300'],'reverse_shelfkey'=>['p4lkp2~pp~~zswu~zzzzzzzz~cvzzzzzz~0nwwzzzz~wrxwzz~'],'item_display'=>['AA735 N4 ZC33 | avefax+aa-+0735+00000000+n4000000+zc330000+382300 | p4lkp2~pp~~zswu~zzzzzzzz~cvzzzzzz~0nwwzzzz~wrxwzz~'],'timestamp'=>'2016-05-23T20:04:30.298Z','authorities_dt'=>'2016-05-23T20:54:29Z','author_variant_txt'=>['New York (City). Landmarks Preservation Commission New York (N.Y.). Landmarks Commission Landmarks Preservation Commission (New York, N.Y.) '],'subject_variant_txt'=>[' Apartment buildings Multi-family housing Multifamily housing Multiple dwellings Architecture, Domestic Dwellings'],'_version_'=>1535153957642436608}]}}
    http_version: 
  recorded_at: Fri, 01 Jul 2016 20:47:31 GMT
- request:
    method: get
    uri: "<clio_backend_url>/holdings/retrieve/382300"
    body:
      encoding: UTF-8
      string: ''
    headers:
      User-Agent:
      - HTTPClient/1.0 (2.8.0, ruby 2.2.1 (2015-02-26))
      Accept:
      - "*/*"
      Date:
      - Fri, 01 Jul 2016 20:47:32 GMT
  response:
    status:
      code: 200
      message: OK
    headers:
      Content-Type:
      - application/json; charset=utf-8
      Transfer-Encoding:
      - chunked
      Connection:
      - keep-alive
      Vary:
      - Accept-Encoding
      Status:
      - 200 OK
      Cache-Control:
      - max-age=0, private, must-revalidate
      Access-Control-Allow-Origin:
      - "*"
      Etag:
      - W/"5289980f17c236e4f851c7fa660eacc2"
      X-Frame-Options:
      - SAMEORIGIN
      X-Xss-Protection:
      - 1; mode=block
      X-Content-Type-Options:
      - nosniff
      X-Runtime:
      - '1.297242'
      Access-Control-Request-Method:
      - "*"
      X-Request-Id:
      - 0fe5ff40-58fe-4fae-ac0a-7aa6181a8c97
      Date:
      - Fri, 01 Jul 2016 20:47:35 GMT
      X-Powered-By:
      - Phusion Passenger
      Server:
      - nginx + Phusion Passenger
      Strict-Transport-Security:
      - max-age=63072000; includeSubdomains; preload
    body:
      encoding: UTF-8
      string: '{"382300":{"condensed_holdings_full":[{"location_name":"Offsite \u003cAvery\u003e
        (Non-Circulating) Place Request for delivery","location_note":"","call_number":"AA735
        N4 ZC33","status":"available","holding_id":["511019"],"copies":[{"items":{"Available":{"status":"available","count":1}}}],"services":["offsite"]},{"location_name":"Online","location_note":"","call_number":"EBOOKS","status":"online","holding_id":["10158201"],"copies":[{"items":{},"urls":[{"ind1":"4","ind2":"0","url":"http://www.neighborhoodpreservationcenter.org/db/bb_files/CA047.pdf","link_text":"http://www.neighborhoodpreservationcenter.org/db/bb_files/CA047.pdf"}]}],"services":[]}]}}'
    http_version: 
  recorded_at: Fri, 01 Jul 2016 20:47:34 GMT
- request:
    method: get
    uri: "<solr_config>/select?id=382300&qt=document&wt=ruby"
    body:
      encoding: US-ASCII
      string: ''
    headers: {}
  response:
    status:
      code: 200
      message: OK
    headers:
      Date:
      - Fri, 01 Jul 2016 20:47:35 GMT
      Content-Type:
      - text/plain;charset=UTF-8
      Transfer-Encoding:
      - chunked
      Server:
      - Jetty(8.1.8.v20121106)
    body:
      encoding: UTF-8
      string: |
        {'responseHeader'=>{'status'=>0,'QTime'=>1,'params'=>{'fl'=>'*','echoParams'=>'all','q'=>'{!raw f=id v=$id}','rows'=>'1','id'=>'382300','qt'=>'document','wt'=>'ruby'}},'response'=>{'numFound'=>1,'start'=>0,'docs'=>[{'id'=>'382300','marc_display'=>'<record><leader>01602cam a2200433   4500</leader><controlfield tag="001">382300</controlfield><controlfield tag="005">20100226124951.0</controlfield><controlfield tag="008">850827s1985    nyuaf    b   l000 0 eng  </controlfield><datafield tag="035" ind1=" " ind2=" "><subfield code="a">(OCoLC)35088165</subfield></datafield><datafield tag="035" ind1=" " ind2=" "><subfield code="a">(OCoLC)ocm35088165</subfield></datafield><datafield tag="035" ind1=" " ind2=" "><subfield code="a">(CStRLIN)NYCG85-B84564</subfield></datafield><datafield tag="035" ind1=" " ind2=" "><subfield code="9">ABR9929CU</subfield></datafield><datafield tag="035" ind1=" " ind2=" "><subfield code="a">(NNC)382300</subfield></datafield><datafield tag="040" ind1=" " ind2=" "><subfield code="a">NNC</subfield><subfield code="c">NNC</subfield></datafield><datafield tag="043" ind1=" " ind2=" "><subfield code="a">n-us-ny</subfield></datafield><datafield tag="110" ind1="1" ind2=" "><subfield code="a">New York (N.Y.).</subfield><subfield code="b">Landmarks Preservation Commission.</subfield></datafield><datafield tag="245" ind1="1" ind2="0"><subfield code="a">Century Apartments :</subfield><subfield code="b">[report].</subfield></datafield><datafield tag="260" ind1=" " ind2=" "><subfield code="a">[New York, N.Y.] :</subfield><subfield code="b">The Commission,</subfield><subfield code="c">1985.</subfield></datafield><datafield tag="300" ind1=" " ind2=" "><subfield code="a">10 leaves, [4] leaves of plates :</subfield><subfield code="b">ill. ;</subfield><subfield code="c">28 cm.</subfield></datafield><datafield tag="490" ind1="1" ind2=" "><subfield code="a">Designation list / Landmarks Preservation Commission ;</subfield><subfield code="v">181</subfield></datafield><datafield tag="500" ind1=" " ind2=" "><subfield code="a">Caption title.</subfield></datafield><datafield tag="500" ind1=" " ind2=" "><subfield code="a">"Report prepared by Andrew S. Dolkart"--Leaf 8.</subfield></datafield><datafield tag="504" ind1=" " ind2=" "><subfield code="a">Bibliography: leaf 10.</subfield></datafield><datafield tag="500" ind1=" " ind2=" "><subfield code="a">"Architect Irwin S. Chanin"--Leaf [1].</subfield></datafield><datafield tag="590" ind1=" " ind2=" "><subfield code="a">"LP-1517."</subfield></datafield><datafield tag="610" ind1="2" ind2="0"><subfield code="a">Century Apartments (New York, N.Y.)</subfield></datafield><datafield tag="651" ind1=" " ind2="0"><subfield code="a">New York (N.Y.)</subfield><subfield code="x">Buildings, structures, etc.</subfield></datafield><datafield tag="650" ind1=" " ind2="0"><subfield code="a">Apartment houses</subfield><subfield code="z">New York (State)</subfield><subfield code="z">New York.</subfield></datafield><datafield tag="600" ind1="1" ind2="0"><subfield code="a">Chanin, Irwin S.</subfield></datafield><datafield tag="700" ind1="1" ind2=" "><subfield code="a">Dolkart, Andrew.</subfield></datafield><datafield tag="700" ind1="1" ind2=" "><subfield code="a">Chainin, Irwin S.</subfield></datafield><datafield tag="810" ind1="1" ind2=" "><subfield code="a">New York (N.Y.).</subfield><subfield code="b">Landmarks Preservation Commission.</subfield><subfield code="t">Designation list ;</subfield><subfield code="v">181.</subfield></datafield><datafield tag="900" ind1=" " ind2=" "><subfield code="a">AUTH</subfield></datafield><datafield tag="991" ind1=" " ind2=" "><subfield code="a">AA735 N4 ZC33</subfield><subfield code="b">avefax+AA-+0735+00000000+N4000000+ZC330000</subfield></datafield><datafield tag="992" ind1=" " ind2=" "><subfield code="a">Offsite</subfield><subfield code="b">Offsite &lt;Avery&gt; (Non-Circulating) Place Request for delivery &gt;&gt; AA735 N4 ZC33|DELIM|511019</subfield></datafield><datafield tag="992" ind1=" " ind2=" "><subfield code="a">Online</subfield><subfield code="b">Online &gt;&gt; EBOOKS|DELIM|10158201</subfield></datafield><datafield tag="993" ind1=" " ind2=" "><subfield code="a">Book</subfield></datafield><datafield tag="993" ind1=" " ind2=" "><subfield code="a">NY State/City Government Document</subfield></datafield><datafield tag="995" ind1=" " ind2=" "><subfield code="a">catalog</subfield></datafield></record>','text'=>['New York (N.Y.). Landmarks Preservation Commission.','Century Apartments : [report].','[New York, N.Y.] : The Commission, 1985.','10 leaves, [4] leaves of plates : ill. ; 28 cm.','Designation list / Landmarks Preservation Commission ; 181','Caption title.','"Report prepared by Andrew S. Dolkart"--Leaf 8.','Bibliography: leaf 10.','"Architect Irwin S. Chanin"--Leaf [1].','"LP-1517."','Century Apartments (New York, N.Y.)','New York (N.Y.) Buildings, structures, etc.','Apartment houses New York (State) New York.','Chanin, Irwin S.','Dolkart, Andrew.','Chainin, Irwin S.','New York (N.Y.). Landmarks Preservation Commission. Designation list ; 181.','AUTH'],'author_txt'=>['New York (N.Y.). Landmarks Preservation Commission.'],'author_addl_txt'=>['Dolkart, Andrew.','Chainin, Irwin S.'],'author_facet'=>['New York (N.Y.). Landmarks Preservation Commission','Dolkart, Andrew','Chainin, Irwin S.'],'author_display'=>['New York (N.Y.). Landmarks Preservation Commission'],'author_sort'=>'New York (N.Y.). Landmarks Preservation Commission.   Century Apartments report','title_txt'=>['Century Apartments :'],'title_display'=>['Century Apartments : [report]'],'title_filing_txt'=>['Century Apartments :'],'title_filing_full_txt'=>['Century Apartments : [report].'],'subtitle_txt'=>['report'],'title_first_facet'=>['C'],'title_addl_txt'=>['Century Apartments : [report].'],'title_sort'=>'century apartments  report','subject_txt'=>['Century Apartments (New York, N.Y.)','New York (N.Y.) Buildings, structures, etc','Apartment houses New York (State) New York','Chanin, Irwin S.'],'subject_topic_facet'=>['Century Apartments (New York, N.Y.)','Buildings, structures, etc','Apartment houses','Chanin, Irwin S.'],'subject_geo_facet'=>['New York (N.Y.)','New York (State)','New York'],'pub_place_display'=>['New York, N.Y.'],'pub_name_display'=>['The Commission'],'pub_year_display'=>['1985'],'pub_place_txt'=>['New York, N.Y.'],'pub_name_txt'=>['The Commission'],'pub_year_txt'=>['1985'],'pub_date_txt'=>['1985'],'language_facet'=>['English'],'format'=>['Book','NY State/City Government Document'],'clio_id_display'=>'382300','source_facet'=>['catalog'],'source_display'=>['catalog'],'oclc_txt'=>['35088165','ocm35088165'],'oclc_display'=>['35088165','ocm35088165'],'full_publisher_display'=>['[New York, N.Y.] : The Commission, 1985.'],'location_call_number_id_display'=>['Offsite <Avery> (Non-Circulating) Place Request for delivery >> AA735 N4 ZC33|DELIM|511019','Online >> EBOOKS|DELIM|10158201'],'location_call_number_txt'=>['Offsite <Avery> (Non-Circulating) Place Request for delivery >> AA735 N4 ZC33','Online >> EBOOKS'],'call_number_txt'=>['AA735 N4 ZC33','EBOOKS'],'call_number_display'=>['AA735 N4 ZC33','EBOOKS'],'location_facet'=>['Offsite','Online'],'location_txt'=>['Offsite <Avery> (Non-Circulating) Place Request for delivery >> AA735 N4 ZC33','Online >> EBOOKS'],'shelfkey'=>['avefax+aa-+0735+00000000+n4000000+zc330000+382300'],'reverse_shelfkey'=>['p4lkp2~pp~~zswu~zzzzzzzz~cvzzzzzz~0nwwzzzz~wrxwzz~'],'item_display'=>['AA735 N4 ZC33 | avefax+aa-+0735+00000000+n4000000+zc330000+382300 | p4lkp2~pp~~zswu~zzzzzzzz~cvzzzzzz~0nwwzzzz~wrxwzz~'],'timestamp'=>'2016-05-23T20:04:30.298Z','authorities_dt'=>'2016-05-23T20:54:29Z','author_variant_txt'=>['New York (City). Landmarks Preservation Commission New York (N.Y.). Landmarks Commission Landmarks Preservation Commission (New York, N.Y.) '],'subject_variant_txt'=>[' Apartment buildings Multi-family housing Multifamily housing Multiple dwellings Architecture, Domestic Dwellings'],'_version_'=>1535153957642436608}]}}
    http_version: 
  recorded_at: Fri, 01 Jul 2016 20:47:34 GMT
- request:
    method: get
    uri: "<solr_config>/select?id=10099362&qt=document&wt=ruby"
    body:
      encoding: US-ASCII
      string: ''
    headers: {}
  response:
    status:
      code: 200
      message: OK
    headers:
      Date:
      - Fri, 01 Jul 2016 20:47:35 GMT
      Content-Type:
      - text/plain;charset=UTF-8
      Transfer-Encoding:
      - chunked
      Server:
      - Jetty(8.1.8.v20121106)
    body:
      encoding: UTF-8
      string: |
        {'responseHeader'=>{'status'=>0,'QTime'=>0,'params'=>{'fl'=>'*','echoParams'=>'all','q'=>'{!raw f=id v=$id}','rows'=>'1','id'=>'10099362','qt'=>'document','wt'=>'ruby'}},'response'=>{'numFound'=>1,'start'=>0,'docs'=>[{'id'=>'10099362','marc_display'=>'<record><leader>02722cpcaa2200493Ii 4500</leader><controlfield tag="001">10099362</controlfield><controlfield tag="005">20130617214314.0</controlfield><controlfield tag="008">121114k20109999nyu                 eng d</controlfield><datafield tag="035" ind1=" " ind2=" "><subfield code="a">(OCoLC)ocn756766257</subfield></datafield><datafield tag="035" ind1=" " ind2=" "><subfield code="a">(OCoLC)756766257</subfield></datafield><datafield tag="035" ind1=" " ind2=" "><subfield code="a">(NNC)10099362</subfield></datafield><datafield tag="040" ind1=" " ind2=" "><subfield code="a">NNC</subfield><subfield code="c">NNC</subfield><subfield code="e">rda</subfield><subfield code="d">ZCU</subfield></datafield><datafield tag="043" ind1=" " ind2=" "><subfield code="a">n-us-ny</subfield></datafield><datafield tag="050" ind1=" " ind2="4"><subfield code="a">HT168</subfield><subfield code="b">.N5</subfield></datafield><datafield tag="245" ind1="0" ind2="0"><subfield code="a">Avery Library historic preservation and urban planning web archive.</subfield></datafield><datafield tag="246" ind1="1" ind2="3"><subfield code="a">Avery Library web archive</subfield></datafield><datafield tag="260" ind1=" " ind2=" "><subfield code="c">2010-</subfield></datafield><datafield tag="336" ind1=" " ind2=" "><subfield code="a">text</subfield><subfield code="b">txt</subfield><subfield code="2">rdacontent</subfield></datafield><datafield tag="337" ind1=" " ind2=" "><subfield code="a">computer</subfield><subfield code="b">c</subfield><subfield code="2">rdamedia</subfield></datafield><datafield tag="338" ind1=" " ind2=" "><subfield code="a">online resource</subfield><subfield code="b">cr</subfield><subfield code="2">rdacarrier</subfield></datafield><datafield tag="506" ind1=" " ind2=" "><subfield code="a">Browsing and full-text search of archived websites is available without restriction.</subfield></datafield><datafield tag="520" ind1=" " ind2=" "><subfield code="a">A growing collection of websites selected by the Avery Architectural and Fine Arts Library staff for web archiving preservation by the Columbia University Libraries\' Web Resources Collection Program. Website captures began in 2010 and are ongoing. The collection\'s principal thematic focus is documenting the evolution of the built environment and public spaces through the interaction of historic preservation efforts and new development projects within urban planning debates. Selected websites are mostly published by non-profit groups or individuals based in the New York City area, including historic preservation groups, neighborhood associations, public policy organizations, parks conservancies, and both sponsors and critics of ongoing development projects. Websites on related themes from other locations are also preserved in the collection.</subfield></datafield><datafield tag="650" ind1=" " ind2="0"><subfield code="a">Historic preservation</subfield><subfield code="z">New York (State)</subfield><subfield code="z">New York.</subfield></datafield><datafield tag="650" ind1=" " ind2="0"><subfield code="a">Historic preservation.</subfield></datafield><datafield tag="650" ind1=" " ind2="0"><subfield code="a">City planning</subfield><subfield code="z">New York (State)</subfield><subfield code="z">New York.</subfield></datafield><datafield tag="650" ind1=" " ind2="0"><subfield code="a">Historic districts</subfield><subfield code="x">Conservation and restoration</subfield><subfield code="z">New York (State)</subfield><subfield code="z">New York.</subfield></datafield><datafield tag="650" ind1=" " ind2="0"><subfield code="a">Public spaces</subfield><subfield code="z">New York (State)</subfield><subfield code="z">New York.</subfield></datafield><datafield tag="650" ind1=" " ind2="0"><subfield code="a">Parks</subfield><subfield code="z">New York (State)</subfield><subfield code="z">New York.</subfield></datafield><datafield tag="610" ind1="2" ind2="0"><subfield code="a">Atlantic Yards (Project)</subfield></datafield><datafield tag="650" ind1=" " ind2="0"><subfield code="a">Web archives.</subfield></datafield><datafield tag="651" ind1=" " ind2="0"><subfield code="a">New York (N.Y.)</subfield><subfield code="x">Buildings, structures, etc.</subfield></datafield><datafield tag="655" ind1=" " ind2="7"><subfield code="a">Web archives</subfield><subfield code="2">lcsh</subfield></datafield><datafield tag="710" ind1="2" ind2=" "><subfield code="a">Avery Library.</subfield></datafield><datafield tag="710" ind1="2" ind2=" "><subfield code="a">Columbia University.</subfield><subfield code="b">Libraries.</subfield><subfield code="b">Web Resources Collection Program.</subfield></datafield><datafield tag="856" ind1="4" ind2="0"><subfield code="u">http://www.columbia.edu/cgi-bin/cul/resolve?clio10099362</subfield><subfield code="z">Full collection access via Archive-It.org</subfield></datafield><datafield tag="920" ind1="4" ind2="0"><subfield code="u">http://archive-it.org/collections/1757</subfield></datafield><datafield tag="948" ind1="1" ind2=" "><subfield code="a">20121207</subfield><subfield code="b">o</subfield><subfield code="c">at2186</subfield><subfield code="d">OSMC</subfield></datafield><datafield tag="900" ind1=" " ind2=" "><subfield code="a">AUTH</subfield></datafield><datafield tag="990" ind1=" " ind2=" "><subfield code="a">HT</subfield></datafield><datafield tag="991" ind1=" " ind2=" "><subfield code="a">HT168 .N5</subfield><subfield code="b">loc+HT-+0168+00000000+N5000000</subfield></datafield><datafield tag="992" ind1=" " ind2=" "><subfield code="a">Online</subfield><subfield code="b">Online &gt;&gt; Avery Library Historic Preservation and Urban Planning|DELIM|13175745</subfield></datafield><datafield tag="993" ind1=" " ind2=" "><subfield code="a">Manuscript/Archive</subfield></datafield><datafield tag="995" ind1=" " ind2=" "><subfield code="a">catalog</subfield></datafield><datafield tag="997" ind1=" " ind2=" "><subfield code="a">2012-12-07T00:00:00.000Z</subfield></datafield></record>','text'=>['HT168 .N5','Avery Library historic preservation and urban planning web archive.','Avery Library web archive','2010-','text txt rdacontent','computer c rdamedia','online resource cr rdacarrier','Browsing and full-text search of archived websites is available without restriction.','A growing collection of websites selected by the Avery Architectural and Fine Arts Library staff for web archiving preservation by the Columbia University Libraries\' Web Resources Collection Program. Website captures began in 2010 and are ongoing. The collection\'s principal thematic focus is documenting the evolution of the built environment and public spaces through the interaction of historic preservation efforts and new development projects within urban planning debates. Selected websites are mostly published by non-profit groups or individuals based in the New York City area, including historic preservation groups, neighborhood associations, public policy organizations, parks conservancies, and both sponsors and critics of ongoing development projects. Websites on related themes from other locations are also preserved in the collection.','Historic preservation New York (State) New York.','Historic preservation.','City planning New York (State) New York.','Historic districts Conservation and restoration New York (State) New York.','Public spaces New York (State) New York.','Parks New York (State) New York.','Atlantic Yards (Project)','Web archives.','New York (N.Y.) Buildings, structures, etc.','Web archives lcsh','Avery Library.','Columbia University. Libraries. Web Resources Collection Program.','http://www.columbia.edu/cgi-bin/cul/resolve?clio10099362 Full collection access via Archive-It.org','http://archive-it.org/collections/1757','20121207 o at2186 OSMC','AUTH'],'author_addl_txt'=>['Avery Library.','Columbia University. Libraries. Web Resources Collection Program.'],'author_facet'=>['Avery Library','Columbia University. Libraries. Web Resources Collection Program'],'author_sort'=>'Avery Library historic preservation and urban planning web archive','title_txt'=>['Avery Library historic preservation and urban planning web archive.'],'title_display'=>['Avery Library historic preservation and urban planning web archive'],'title_filing_txt'=>['Avery Library historic preservation and urban planning web archive.'],'title_filing_full_txt'=>['Avery Library historic preservation and urban planning web archive.'],'title_first_facet'=>['A'],'title_addl_txt'=>['Avery Library historic preservation and urban planning web archive.','Avery Library web archive'],'title_sort'=>'avery library historic preservation and urban planning web archive','subject_txt'=>['Historic preservation New York (State) New York','Historic preservation','City planning New York (State) New York','Historic districts Conservation and restoration New York (State) New York','Public spaces New York (State) New York','Parks New York (State) New York','Atlantic Yards (Project)','Web archives','New York (N.Y.) Buildings, structures, etc'],'subject_topic_facet'=>['Historic preservation','City planning','Historic districts','Conservation and restoration','Public spaces','Parks','Atlantic Yards (Project)','Web archives','Buildings, structures, etc'],'subject_geo_facet'=>['New York (State)','New York','New York (N.Y.)'],'subject_form_facet'=>['Web archives'],'subject_form_txt'=>['Web archives'],'pub_year_display'=>['2010-'],'pub_year_txt'=>['2010-'],'pub_date_txt'=>['2010'],'language_facet'=>['English'],'format'=>['Manuscript/Archive'],'lc_1letter_facet'=>['H - Social Sciences'],'lc_2letter_facet'=>['HT - Communities, Classes, Races'],'lc_subclass_facet'=>['HT - Communities, Classes, Races'],'clio_id_display'=>'10099362','acq_dt'=>'2012-12-07T00:00:00Z','source_facet'=>['catalog'],'source_display'=>['catalog'],'database_restrictions_display'=>['Browsing and full-text search of archived websites is available without restriction.'],'summary_display'=>['A growing collection of websites selected by the Avery Architectural and Fine Arts Library staff for web archiving preservation by the Columbia University Libraries\' Web Resources Collection Program. Website captures began in 2010 and are ongoing. The collection\'s principal thematic focus is documenting the evolution of the built environment and public spaces through the interaction of historic preservation efforts and new development projects within urban planning debates. Selected websites are mostly published by non-profit groups or individuals based in the New York City area, including historic preservation groups, neighborhood associations, public policy organizations, parks conservancies, and both sponsors and critics of ongoing development projects. Websites on related themes from other locations are also preserved in the collection.'],'oclc_txt'=>['ocn756766257','756766257'],'oclc_display'=>['ocn756766257','756766257'],'full_publisher_display'=>['2010-'],'location_call_number_id_display'=>['Online >> Avery Library Historic Preservation and Urban Planning|DELIM|13175745'],'location_call_number_txt'=>['Online >> Avery Library Historic Preservation and Urban Planning'],'call_number_txt'=>['Avery Library Historic Preservation and Urban Planning'],'call_number_display'=>['Avery Library Historic Preservation and Urban Planning'],'location_facet'=>['Online'],'location_txt'=>['Online >> Avery Library Historic Preservation and Urban Planning'],'url_munged_display'=>['0||||||http://www.columbia.edu/cgi-bin/cul/resolve?clio10099362|||Full collection access via Archive-It.org'],'shelfkey'=>['loc+ht-+0168+00000000+n5000000+10099362'],'reverse_shelfkey'=>['ebn~i6~~zytr~zzzzzzzz~cuzzzzzz~yzzqqwtx~~~~~~~~~~~'],'item_display'=>['HT168 .N5 | loc+ht-+0168+00000000+n5000000+10099362 | ebn~i6~~zytr~zzzzzzzz~cuzzzzzz~yzzqqwtx~~~~~~~~~~~'],'timestamp'=>'2016-05-23T20:04:40.507Z','authorities_dt'=>'2016-05-23T21:08:43Z','author_variant_txt'=>['Columbia University. Avery Library Avery Memorial Architectural Library Avery Architectural Library Columbia University. Libraries. Avery Architectural Library Avery Art and Architectural Library Avery Architectural and Fine Arts Library Columbia University '],'subject_variant_txt'=>['Preservation, Historic Preservationism (Historic preservation) Civic planning Model cities Redevelopment, Urban Slum clearance Town planning Urban design Urban development Urban planning Planning Art, Municipal Civic improvement Regional planning Urban policy Urban renewal Historic neighborhoods Historic preservation districts Historical districts Madinahs Madinas Medinas Neighborhoods, Historic Preservation districts Registered historic districts Historic sites Preservation of materials Public places Social areas Urban public spaces Urban spaces Cities and towns County parks Parklands Provincial parks Regional parks State parks Territorial parks Commons Recreation areas Playgrounds  Internet archives Web site archives Web sites archives World Wide Web archives Archives Digital libraries'],'_version_'=>1535154852767727616}]}}
    http_version: 
  recorded_at: Fri, 01 Jul 2016 20:47:35 GMT
recorded_with: VCR 3.0.1
